
Microsoft Visual Studio Solution File, Format Version 12.00
# Visual Studio Version 17
VisualStudioVersion = 17.9.34728.123
MinimumVisualStudioVersion = 10.0.40219.1
Project("{FAE04EC0-301F-11D3-BF4B-00C04F79EFBC}") = "INTEXGroup3_7", "AuroraLego\INTEXGroup3_7.csproj", "{411DAD14-1213-46F3-85BA-718A0B963FD0}"
EndProject
Global
	GlobalSection(SolutionConfigurationPlatforms) = preSolution
		Debug|Any CPU = Debug|Any CPU
		Release|Any CPU = Release|Any CPU
	EndGlobalSection
	GlobalSection(ProjectConfigurationPlatforms) = postSolution
		{411DAD14-1213-46F3-85BA-718A0B963FD0}.Debug|Any CPU.ActiveCfg = Debug|Any CPU
		{411DAD14-1213-46F3-85BA-718A0B963FD0}.Debug|Any CPU.Build.0 = Debug|Any CPU
		{411DAD14-1213-46F3-85BA-718A0B963FD0}.Release|Any CPU.ActiveCfg = Release|Any CPU
		{411DAD14-1213-46F3-85BA-718A0B963FD0}.Release|Any CPU.Build.0 = Release|Any CPU
	EndGlobalSection
	GlobalSection(SolutionProperties) = preSolution
		HideSolutionNode = FALSE
	EndGlobalSection
	GlobalSection(ExtensibilityGlobals) = postSolution
		SolutionGuid = {78598D02-0B86-4AC7-BB55-5C7919D80D69}
	EndGlobalSection
EndGlobal
